
Microsoft Visual Studio Solution File, Format Version 12.00
# Visual Studio Version 17
VisualStudioVersion = 17.13.35931.197 d17.13
MinimumVisualStudioVersion = 10.0.40219.1
Project("{FAE04EC0-301F-11D3-BF4B-00C04F79EFBC}") = "AutoExamTask", "AutoExamTask\AutoExamTask.csproj", "{B7419C89-64E1-4CDC-9991-CE2312A5FC71}"
EndProject
Global
	GlobalSection(SolutionConfigurationPlatforms) = preSolution
		Debug|Any CPU = Debug|Any CPU
		Release|Any CPU = Release|Any CPU
	EndGlobalSection
	GlobalSection(ProjectConfigurationPlatforms) = postSolution
		{B7419C89-64E1-4CDC-9991-CE2312A5FC71}.Debug|Any CPU.ActiveCfg = Debug|Any CPU
		{B7419C89-64E1-4CDC-9991-CE2312A5FC71}.Debug|Any CPU.Build.0 = Debug|Any CPU
		{B7419C89-64E1-4CDC-9991-CE2312A5FC71}.Release|Any CPU.ActiveCfg = Release|Any CPU
		{B7419C89-64E1-4CDC-9991-CE2312A5FC71}.Release|Any CPU.Build.0 = Release|Any CPU
	EndGlobalSection
	GlobalSection(SolutionProperties) = preSolution
		HideSolutionNode = FALSE
	EndGlobalSection
	GlobalSection(ExtensibilityGlobals) = postSolution
		SolutionGuid = {0EEEAF02-414C-47A2-8512-E37E10106B09}
	EndGlobalSection
EndGlobal
